// !$*UTF8*$!
{
	archiveVersion = 1;
	classes = {
	};
	objectVersion = 46;
	objects = {

/* Begin PBXBuildFile section */
		3404A3991F5A03320093E019 /* AppDelegate.swift in Sources */ = {isa = PBXBuildFile; fileRef = 3404A3981F5A03320093E019 /* AppDelegate.swift */; };
		3404A39B1F5A03320093E019 /* GameScene.sks in Resources */ = {isa = PBXBuildFile; fileRef = 3404A39A1F5A03320093E019 /* GameScene.sks */; };
		3404A39D1F5A03320093E019 /* Actions.sks in Resources */ = {isa = PBXBuildFile; fileRef = 3404A39C1F5A03320093E019 /* Actions.sks */; };
		3404A39F1F5A03320093E019 /* GameScene.swift in Sources */ = {isa = PBXBuildFile; fileRef = 3404A39E1F5A03320093E019 /* GameScene.swift */; };
		3404A3A11F5A03320093E019 /* GameViewController.swift in Sources */ = {isa = PBXBuildFile; fileRef = 3404A3A01F5A03320093E019 /* GameViewController.swift */; };
		3404A3A41F5A03320093E019 /* Main.storyboard in Resources */ = {isa = PBXBuildFile; fileRef = 3404A3A21F5A03320093E019 /* Main.storyboard */; };
		3404A3A61F5A03320093E019 /* Assets.xcassets in Resources */ = {isa = PBXBuildFile; fileRef = 3404A3A51F5A03320093E019 /* Assets.xcassets */; };
		3404A3A91F5A03320093E019 /* LaunchScreen.storyboard in Resources */ = {isa = PBXBuildFile; fileRef = 3404A3A71F5A03320093E019 /* LaunchScreen.storyboard */; };
		3404A3B41F5A03320093E019 /* ScrollerTestTests.swift in Sources */ = {isa = PBXBuildFile; fileRef = 3404A3B31F5A03320093E019 /* ScrollerTestTests.swift */; };
		3404A3BF1F5A03320093E019 /* ScrollerTestUITests.swift in Sources */ = {isa = PBXBuildFile; fileRef = 3404A3BE1F5A03320093E019 /* ScrollerTestUITests.swift */; };
		A33A527CFCBB623FF355C0D4 /* Tomato.swift in Sources */ = {isa = PBXBuildFile; fileRef = A33A5BE47B3D57319BCF6BCD /* Tomato.swift */; };
		A33A54CFF8A84A0D4CE85293 /* WoodenBoard.swift in Sources */ = {isa = PBXBuildFile; fileRef = A33A5BEBDC2DB87F16BC7FC3 /* WoodenBoard.swift */; };
		A33A56767553A88F4290D93E /* SpriteComponent.swift in Sources */ = {isa = PBXBuildFile; fileRef = A33A530E3EC13CDE460A2D74 /* SpriteComponent.swift */; };
		A33A57247D834F4B12A97231 /* MoveBehavior.swift in Sources */ = {isa = PBXBuildFile; fileRef = A33A56FB848A21D0808F2D53 /* MoveBehavior.swift */; };
		A33A5896EF23F7B3D793A521 /* Intersection.swift in Sources */ = {isa = PBXBuildFile; fileRef = A33A5F6198A4B438006F1954 /* Intersection.swift */; };
		A33A5940328BE9FA37D34854 /* ContinuousSpriteComponent.swift in Sources */ = {isa = PBXBuildFile; fileRef = A33A50CCBC9E38C1985808F3 /* ContinuousSpriteComponent.swift */; };
		A33A5ABECA9EE343755E04FE /* MoveComponentV2.swift in Sources */ = {isa = PBXBuildFile; fileRef = A33A5EC58CBE155791541F0C /* MoveComponentV2.swift */; };
		A33A5B3399F54BA78C6B899D /* MyUtils.swift in Sources */ = {isa = PBXBuildFile; fileRef = A33A5600FBBAE4F55986B42D /* MyUtils.swift */; };
		A33A5BCD5247E70D207BA337 /* EntityManager.swift in Sources */ = {isa = PBXBuildFile; fileRef = A33A51FE46A74D6C0DABDE1A /* EntityManager.swift */; };
		A33A5C0FE88B20F7238AFC1A /* Heap.swift in Sources */ = {isa = PBXBuildFile; fileRef = A33A5A887424E19D3941C12F /* Heap.swift */; };
		A33A5DE0F47F8EC669451B15 /* IntersectionComponent.swift in Sources */ = {isa = PBXBuildFile; fileRef = A33A56C3E20068DC061F1D81 /* IntersectionComponent.swift */; };
		A33A5E7CD1C9EC8996192676 /* Int+Random.swift in Sources */ = {isa = PBXBuildFile; fileRef = A33A5D70AF1DDD9B4B9DC517 /* Int+Random.swift */; };
		A33A5EF09E2E61896D85C5C5 /* Rope.swift in Sources */ = {isa = PBXBuildFile; fileRef = A33A59A4AAFDD3077612E285 /* Rope.swift */; };
		A33A5F5C67B9FAC5AF2A7522 /* MoveComponent.swift in Sources */ = {isa = PBXBuildFile; fileRef = A33A57D20D64D7D9132F41E3 /* MoveComponent.swift */; };
/* End PBXBuildFile section */

/* Begin PBXContainerItemProxy section */
		3404A3B01F5A03320093E019 /* PBXContainerItemProxy */ = {
			isa = PBXContainerItemProxy;
			containerPortal = 3404A38D1F5A03310093E019 /* Project object */;
			proxyType = 1;
			remoteGlobalIDString = 3404A3941F5A03320093E019;
			remoteInfo = ScrollerTest;
		};
		3404A3BB1F5A03320093E019 /* PBXContainerItemProxy */ = {
			isa = PBXContainerItemProxy;
			containerPortal = 3404A38D1F5A03310093E019 /* Project object */;
			proxyType = 1;
			remoteGlobalIDString = 3404A3941F5A03320093E019;
			remoteInfo = ScrollerTest;
		};
/* End PBXContainerItemProxy section */

/* Begin PBXFileReference section */
		3404A3951F5A03320093E019 /* ScrollerTest.app */ = {isa = PBXFileReference; explicitFileType = wrapper.application; includeInIndex = 0; path = ScrollerTest.app; sourceTree = BUILT_PRODUCTS_DIR; };
		3404A3981F5A03320093E019 /* AppDelegate.swift */ = {isa = PBXFileReference; lastKnownFileType = sourcecode.swift; path = AppDelegate.swift; sourceTree = "<group>"; };
		3404A39A1F5A03320093E019 /* GameScene.sks */ = {isa = PBXFileReference; lastKnownFileType = file.sks; path = GameScene.sks; sourceTree = "<group>"; };
		3404A39C1F5A03320093E019 /* Actions.sks */ = {isa = PBXFileReference; lastKnownFileType = file.sks; path = Actions.sks; sourceTree = "<group>"; };
		3404A39E1F5A03320093E019 /* GameScene.swift */ = {isa = PBXFileReference; lastKnownFileType = sourcecode.swift; path = GameScene.swift; sourceTree = "<group>"; };
		3404A3A01F5A03320093E019 /* GameViewController.swift */ = {isa = PBXFileReference; lastKnownFileType = sourcecode.swift; path = GameViewController.swift; sourceTree = "<group>"; };
		3404A3A31F5A03320093E019 /* Base */ = {isa = PBXFileReference; lastKnownFileType = file.storyboard; name = Base; path = Base.lproj/Main.storyboard; sourceTree = "<group>"; };
		3404A3A51F5A03320093E019 /* Assets.xcassets */ = {isa = PBXFileReference; lastKnownFileType = folder.assetcatalog; path = Assets.xcassets; sourceTree = "<group>"; };
		3404A3A81F5A03320093E019 /* Base */ = {isa = PBXFileReference; lastKnownFileType = file.storyboard; name = Base; path = Base.lproj/LaunchScreen.storyboard; sourceTree = "<group>"; };
		3404A3AA1F5A03320093E019 /* Info.plist */ = {isa = PBXFileReference; lastKnownFileType = text.plist.xml; path = Info.plist; sourceTree = "<group>"; };
		3404A3AF1F5A03320093E019 /* ScrollerTestTests.xctest */ = {isa = PBXFileReference; explicitFileType = wrapper.cfbundle; includeInIndex = 0; path = ScrollerTestTests.xctest; sourceTree = BUILT_PRODUCTS_DIR; };
		3404A3B31F5A03320093E019 /* ScrollerTestTests.swift */ = {isa = PBXFileReference; lastKnownFileType = sourcecode.swift; path = ScrollerTestTests.swift; sourceTree = "<group>"; };
		3404A3B51F5A03320093E019 /* Info.plist */ = {isa = PBXFileReference; lastKnownFileType = text.plist.xml; path = Info.plist; sourceTree = "<group>"; };
		3404A3BA1F5A03320093E019 /* ScrollerTestUITests.xctest */ = {isa = PBXFileReference; explicitFileType = wrapper.cfbundle; includeInIndex = 0; path = ScrollerTestUITests.xctest; sourceTree = BUILT_PRODUCTS_DIR; };
		3404A3BE1F5A03320093E019 /* ScrollerTestUITests.swift */ = {isa = PBXFileReference; lastKnownFileType = sourcecode.swift; path = ScrollerTestUITests.swift; sourceTree = "<group>"; };
		3404A3C01F5A03320093E019 /* Info.plist */ = {isa = PBXFileReference; lastKnownFileType = text.plist.xml; path = Info.plist; sourceTree = "<group>"; };
		A33A50CCBC9E38C1985808F3 /* ContinuousSpriteComponent.swift */ = {isa = PBXFileReference; fileEncoding = 4; lastKnownFileType = sourcecode.swift; path = ContinuousSpriteComponent.swift; sourceTree = "<group>"; };
		A33A51FE46A74D6C0DABDE1A /* EntityManager.swift */ = {isa = PBXFileReference; fileEncoding = 4; lastKnownFileType = sourcecode.swift; path = EntityManager.swift; sourceTree = "<group>"; };
		A33A530E3EC13CDE460A2D74 /* SpriteComponent.swift */ = {isa = PBXFileReference; fileEncoding = 4; lastKnownFileType = sourcecode.swift; path = SpriteComponent.swift; sourceTree = "<group>"; };
		A33A5600FBBAE4F55986B42D /* MyUtils.swift */ = {isa = PBXFileReference; fileEncoding = 4; lastKnownFileType = sourcecode.swift; path = MyUtils.swift; sourceTree = "<group>"; };
		A33A56C3E20068DC061F1D81 /* IntersectionComponent.swift */ = {isa = PBXFileReference; fileEncoding = 4; lastKnownFileType = sourcecode.swift; path = IntersectionComponent.swift; sourceTree = "<group>"; };
		A33A56FB848A21D0808F2D53 /* MoveBehavior.swift */ = {isa = PBXFileReference; fileEncoding = 4; lastKnownFileType = sourcecode.swift; path = MoveBehavior.swift; sourceTree = "<group>"; };
		A33A57D20D64D7D9132F41E3 /* MoveComponent.swift */ = {isa = PBXFileReference; fileEncoding = 4; lastKnownFileType = sourcecode.swift; path = MoveComponent.swift; sourceTree = "<group>"; };
		A33A59A4AAFDD3077612E285 /* Rope.swift */ = {isa = PBXFileReference; fileEncoding = 4; lastKnownFileType = sourcecode.swift; path = Rope.swift; sourceTree = "<group>"; };
		A33A5A887424E19D3941C12F /* Heap.swift */ = {isa = PBXFileReference; fileEncoding = 4; lastKnownFileType = sourcecode.swift; path = Heap.swift; sourceTree = "<group>"; };
		A33A5BE47B3D57319BCF6BCD /* Tomato.swift */ = {isa = PBXFileReference; fileEncoding = 4; lastKnownFileType = sourcecode.swift; path = Tomato.swift; sourceTree = "<group>"; };
		A33A5BEBDC2DB87F16BC7FC3 /* WoodenBoard.swift */ = {isa = PBXFileReference; fileEncoding = 4; lastKnownFileType = sourcecode.swift; path = WoodenBoard.swift; sourceTree = "<group>"; };
		A33A5D70AF1DDD9B4B9DC517 /* Int+Random.swift */ = {isa = PBXFileReference; fileEncoding = 4; lastKnownFileType = sourcecode.swift; path = "Int+Random.swift"; sourceTree = "<group>"; };
		A33A5EC58CBE155791541F0C /* MoveComponentV2.swift */ = {isa = PBXFileReference; fileEncoding = 4; lastKnownFileType = sourcecode.swift; path = MoveComponentV2.swift; sourceTree = "<group>"; };
		A33A5F6198A4B438006F1954 /* Intersection.swift */ = {isa = PBXFileReference; fileEncoding = 4; lastKnownFileType = sourcecode.swift; path = Intersection.swift; sourceTree = "<group>"; };
/* End PBXFileReference section */

/* Begin PBXFrameworksBuildPhase section */
		3404A3921F5A03320093E019 /* Frameworks */ = {
			isa = PBXFrameworksBuildPhase;
			buildActionMask = 2147483647;
			files = (
			);
			runOnlyForDeploymentPostprocessing = 0;
		};
		3404A3AC1F5A03320093E019 /* Frameworks */ = {
			isa = PBXFrameworksBuildPhase;
			buildActionMask = 2147483647;
			files = (
			);
			runOnlyForDeploymentPostprocessing = 0;
		};
		3404A3B71F5A03320093E019 /* Frameworks */ = {
			isa = PBXFrameworksBuildPhase;
			buildActionMask = 2147483647;
			files = (
			);
			runOnlyForDeploymentPostprocessing = 0;
		};
/* End PBXFrameworksBuildPhase section */

/* Begin PBXGroup section */
		3404A38C1F5A03310093E019 = {
			isa = PBXGroup;
			children = (
				3404A3971F5A03320093E019 /* ScrollerTest */,
				3404A3B21F5A03320093E019 /* ScrollerTestTests */,
				3404A3BD1F5A03320093E019 /* ScrollerTestUITests */,
				3404A3961F5A03320093E019 /* Products */,
			);
			sourceTree = "<group>";
		};
		3404A3961F5A03320093E019 /* Products */ = {
			isa = PBXGroup;
			children = (
				3404A3951F5A03320093E019 /* ScrollerTest.app */,
				3404A3AF1F5A03320093E019 /* ScrollerTestTests.xctest */,
				3404A3BA1F5A03320093E019 /* ScrollerTestUITests.xctest */,
			);
			name = Products;
			sourceTree = "<group>";
		};
		3404A3971F5A03320093E019 /* ScrollerTest */ = {
			isa = PBXGroup;
			children = (
				3404A3981F5A03320093E019 /* AppDelegate.swift */,
				3404A39A1F5A03320093E019 /* GameScene.sks */,
				3404A39C1F5A03320093E019 /* Actions.sks */,
				3404A39E1F5A03320093E019 /* GameScene.swift */,
				3404A3A01F5A03320093E019 /* GameViewController.swift */,
				3404A3A21F5A03320093E019 /* Main.storyboard */,
				3404A3A51F5A03320093E019 /* Assets.xcassets */,
				3404A3A71F5A03320093E019 /* LaunchScreen.storyboard */,
				3404A3AA1F5A03320093E019 /* Info.plist */,
				A33A5FB31144118DEBA369B5 /* Entities */,
				A33A5B27A96A6EDD9DA68553 /* Components */,
				A33A5D9D0C9A800D81F790BF /* Helpers */,
			);
			path = ScrollerTest;
			sourceTree = "<group>";
		};
		3404A3B21F5A03320093E019 /* ScrollerTestTests */ = {
			isa = PBXGroup;
			children = (
				3404A3B31F5A03320093E019 /* ScrollerTestTests.swift */,
				3404A3B51F5A03320093E019 /* Info.plist */,
			);
			path = ScrollerTestTests;
			sourceTree = "<group>";
		};
		3404A3BD1F5A03320093E019 /* ScrollerTestUITests */ = {
			isa = PBXGroup;
			children = (
				3404A3BE1F5A03320093E019 /* ScrollerTestUITests.swift */,
				3404A3C01F5A03320093E019 /* Info.plist */,
			);
			path = ScrollerTestUITests;
			sourceTree = "<group>";
		};
		A33A5B27A96A6EDD9DA68553 /* Components */ = {
			isa = PBXGroup;
			children = (
				A33A530E3EC13CDE460A2D74 /* SpriteComponent.swift */,
				A33A56FB848A21D0808F2D53 /* MoveBehavior.swift */,
				A33A57D20D64D7D9132F41E3 /* MoveComponent.swift */,
				A33A56C3E20068DC061F1D81 /* IntersectionComponent.swift */,
				A33A5EC58CBE155791541F0C /* MoveComponentV2.swift */,
				A33A50CCBC9E38C1985808F3 /* ContinuousSpriteComponent.swift */,
			);
			path = Components;
			sourceTree = "<group>";
		};
		A33A5D9D0C9A800D81F790BF /* Helpers */ = {
			isa = PBXGroup;
			children = (
				A33A5600FBBAE4F55986B42D /* MyUtils.swift */,
				A33A5D70AF1DDD9B4B9DC517 /* Int+Random.swift */,
				A33A5A887424E19D3941C12F /* Heap.swift */,
			);
			path = Helpers;
			sourceTree = "<group>";
		};
		A33A5FB31144118DEBA369B5 /* Entities */ = {
			isa = PBXGroup;
			children = (
				A33A5BE47B3D57319BCF6BCD /* Tomato.swift */,
				A33A51FE46A74D6C0DABDE1A /* EntityManager.swift */,
				A33A59A4AAFDD3077612E285 /* Rope.swift */,
				A33A5BEBDC2DB87F16BC7FC3 /* WoodenBoard.swift */,
				A33A5F6198A4B438006F1954 /* Intersection.swift */,
			);
			path = Entities;
			sourceTree = "<group>";
		};
/* End PBXGroup section */

/* Begin PBXNativeTarget section */
		3404A3941F5A03320093E019 /* ScrollerTest */ = {
			isa = PBXNativeTarget;
			buildConfigurationList = 3404A3C31F5A03320093E019 /* Build configuration list for PBXNativeTarget "ScrollerTest" */;
			buildPhases = (
				3404A3911F5A03320093E019 /* Sources */,
				3404A3921F5A03320093E019 /* Frameworks */,
				3404A3931F5A03320093E019 /* Resources */,
			);
			buildRules = (
			);
			dependencies = (
			);
			name = ScrollerTest;
			productName = ScrollerTest;
			productReference = 3404A3951F5A03320093E019 /* ScrollerTest.app */;
			productType = "com.apple.product-type.application";
		};
		3404A3AE1F5A03320093E019 /* ScrollerTestTests */ = {
			isa = PBXNativeTarget;
			buildConfigurationList = 3404A3C61F5A03320093E019 /* Build configuration list for PBXNativeTarget "ScrollerTestTests" */;
			buildPhases = (
				3404A3AB1F5A03320093E019 /* Sources */,
				3404A3AC1F5A03320093E019 /* Frameworks */,
				3404A3AD1F5A03320093E019 /* Resources */,
			);
			buildRules = (
			);
			dependencies = (
				3404A3B11F5A03320093E019 /* PBXTargetDependency */,
			);
			name = ScrollerTestTests;
			productName = ScrollerTestTests;
			productReference = 3404A3AF1F5A03320093E019 /* ScrollerTestTests.xctest */;
			productType = "com.apple.product-type.bundle.unit-test";
		};
		3404A3B91F5A03320093E019 /* ScrollerTestUITests */ = {
			isa = PBXNativeTarget;
			buildConfigurationList = 3404A3C91F5A03320093E019 /* Build configuration list for PBXNativeTarget "ScrollerTestUITests" */;
			buildPhases = (
				3404A3B61F5A03320093E019 /* Sources */,
				3404A3B71F5A03320093E019 /* Frameworks */,
				3404A3B81F5A03320093E019 /* Resources */,
			);
			buildRules = (
			);
			dependencies = (
				3404A3BC1F5A03320093E019 /* PBXTargetDependency */,
			);
			name = ScrollerTestUITests;
			productName = ScrollerTestUITests;
			productReference = 3404A3BA1F5A03320093E019 /* ScrollerTestUITests.xctest */;
			productType = "com.apple.product-type.bundle.ui-testing";
		};
/* End PBXNativeTarget section */

/* Begin PBXProject section */
		3404A38D1F5A03310093E019 /* Project object */ = {
			isa = PBXProject;
			attributes = {
				LastSwiftUpdateCheck = 0830;
				LastUpgradeCheck = 0830;
				ORGANIZATIONNAME = "okAy Studios";
				TargetAttributes = {
					3404A3941F5A03320093E019 = {
						CreatedOnToolsVersion = 8.3.3;
						ProvisioningStyle = Automatic;
					};
					3404A3AE1F5A03320093E019 = {
						CreatedOnToolsVersion = 8.3.3;
						ProvisioningStyle = Automatic;
						TestTargetID = 3404A3941F5A03320093E019;
					};
					3404A3B91F5A03320093E019 = {
						CreatedOnToolsVersion = 8.3.3;
						ProvisioningStyle = Automatic;
						TestTargetID = 3404A3941F5A03320093E019;
					};
				};
			};
			buildConfigurationList = 3404A3901F5A03310093E019 /* Build configuration list for PBXProject "ScrollerTest" */;
			compatibilityVersion = "Xcode 3.2";
			developmentRegion = English;
			hasScannedForEncodings = 0;
			knownRegions = (
				en,
				Base,
			);
			mainGroup = 3404A38C1F5A03310093E019;
			productRefGroup = 3404A3961F5A03320093E019 /* Products */;
			projectDirPath = "";
			projectRoot = "";
			targets = (
				3404A3941F5A03320093E019 /* ScrollerTest */,
				3404A3AE1F5A03320093E019 /* ScrollerTestTests */,
				3404A3B91F5A03320093E019 /* ScrollerTestUITests */,
			);
		};
/* End PBXProject section */

/* Begin PBXResourcesBuildPhase section */
		3404A3931F5A03320093E019 /* Resources */ = {
			isa = PBXResourcesBuildPhase;
			buildActionMask = 2147483647;
			files = (
				3404A3A41F5A03320093E019 /* Main.storyboard in Resources */,
				3404A39B1F5A03320093E019 /* GameScene.sks in Resources */,
				3404A3A61F5A03320093E019 /* Assets.xcassets in Resources */,
				3404A3A91F5A03320093E019 /* LaunchScreen.storyboard in Resources */,
				3404A39D1F5A03320093E019 /* Actions.sks in Resources */,
			);
			runOnlyForDeploymentPostprocessing = 0;
		};
		3404A3AD1F5A03320093E019 /* Resources */ = {
			isa = PBXResourcesBuildPhase;
			buildActionMask = 2147483647;
			files = (
			);
			runOnlyForDeploymentPostprocessing = 0;
		};
		3404A3B81F5A03320093E019 /* Resources */ = {
			isa = PBXResourcesBuildPhase;
			buildActionMask = 2147483647;
			files = (
			);
			runOnlyForDeploymentPostprocessing = 0;
		};
/* End PBXResourcesBuildPhase section */

/* Begin PBXSourcesBuildPhase section */
		3404A3911F5A03320093E019 /* Sources */ = {
			isa = PBXSourcesBuildPhase;
			buildActionMask = 2147483647;
			files = (
				3404A39F1F5A03320093E019 /* GameScene.swift in Sources */,
				3404A3A11F5A03320093E019 /* GameViewController.swift in Sources */,
				3404A3991F5A03320093E019 /* AppDelegate.swift in Sources */,
				A33A527CFCBB623FF355C0D4 /* Tomato.swift in Sources */,
				A33A56767553A88F4290D93E /* SpriteComponent.swift in Sources */,
				A33A5BCD5247E70D207BA337 /* EntityManager.swift in Sources */,
				A33A5EF09E2E61896D85C5C5 /* Rope.swift in Sources */,
				A33A5B3399F54BA78C6B899D /* MyUtils.swift in Sources */,
				A33A5E7CD1C9EC8996192676 /* Int+Random.swift in Sources */,
				A33A57247D834F4B12A97231 /* MoveBehavior.swift in Sources */,
				A33A5F5C67B9FAC5AF2A7522 /* MoveComponent.swift in Sources */,
				A33A54CFF8A84A0D4CE85293 /* WoodenBoard.swift in Sources */,
				A33A5C0FE88B20F7238AFC1A /* Heap.swift in Sources */,
				A33A5DE0F47F8EC669451B15 /* IntersectionComponent.swift in Sources */,
				A33A5896EF23F7B3D793A521 /* Intersection.swift in Sources */,
				A33A5ABECA9EE343755E04FE /* MoveComponentV2.swift in Sources */,
				A33A5940328BE9FA37D34854 /* ContinuousSpriteComponent.swift in Sources */,
			);
			runOnlyForDeploymentPostprocessing = 0;
		};
		3404A3AB1F5A03320093E019 /* Sources */ = {
			isa = PBXSourcesBuildPhase;
			buildActionMask = 2147483647;
			files = (
				3404A3B41F5A03320093E019 /* ScrollerTestTests.swift in Sources */,
			);
			runOnlyForDeploymentPostprocessing = 0;
		};
		3404A3B61F5A03320093E019 /* Sources */ = {
			isa = PBXSourcesBuildPhase;
			buildActionMask = 2147483647;
			files = (
				3404A3BF1F5A03320093E019 /* ScrollerTestUITests.swift in Sources */,
			);
			runOnlyForDeploymentPostprocessing = 0;
		};
/* End PBXSourcesBuildPhase section */

/* Begin PBXTargetDependency section */
		3404A3B11F5A03320093E019 /* PBXTargetDependency */ = {
			isa = PBXTargetDependency;
			target = 3404A3941F5A03320093E019 /* ScrollerTest */;
			targetProxy = 3404A3B01F5A03320093E019 /* PBXContainerItemProxy */;
		};
		3404A3BC1F5A03320093E019 /* PBXTargetDependency */ = {
			isa = PBXTargetDependency;
			target = 3404A3941F5A03320093E019 /* ScrollerTest */;
			targetProxy = 3404A3BB1F5A03320093E019 /* PBXContainerItemProxy */;
		};
/* End PBXTargetDependency section */

/* Begin PBXVariantGroup section */
		3404A3A21F5A03320093E019 /* Main.storyboard */ = {
			isa = PBXVariantGroup;
			children = (
				3404A3A31F5A03320093E019 /* Base */,
			);
			name = Main.storyboard;
			sourceTree = "<group>";
		};
		3404A3A71F5A03320093E019 /* LaunchScreen.storyboard */ = {
			isa = PBXVariantGroup;
			children = (
				3404A3A81F5A03320093E019 /* Base */,
			);
			name = LaunchScreen.storyboard;
			sourceTree = "<group>";
		};
/* End PBXVariantGroup section */

/* Begin XCBuildConfiguration section */
		3404A3C11F5A03320093E019 /* Debug */ = {
			isa = XCBuildConfiguration;
			buildSettings = {
				ALWAYS_SEARCH_USER_PATHS = NO;
				CLANG_ANALYZER_NONNULL = YES;
				CLANG_ANALYZER_NUMBER_OBJECT_CONVERSION = YES_AGGRESSIVE;
				CLANG_CXX_LANGUAGE_STANDARD = "gnu++0x";
				CLANG_CXX_LIBRARY = "libc++";
				CLANG_ENABLE_MODULES = YES;
				CLANG_ENABLE_OBJC_ARC = YES;
				CLANG_WARN_BOOL_CONVERSION = YES;
				CLANG_WARN_CONSTANT_CONVERSION = YES;
				CLANG_WARN_DIRECT_OBJC_ISA_USAGE = YES_ERROR;
				CLANG_WARN_DOCUMENTATION_COMMENTS = YES;
				CLANG_WARN_EMPTY_BODY = YES;
				CLANG_WARN_ENUM_CONVERSION = YES;
				CLANG_WARN_INFINITE_RECURSION = YES;
				CLANG_WARN_INT_CONVERSION = YES;
				CLANG_WARN_OBJC_ROOT_CLASS = YES_ERROR;
				CLANG_WARN_SUSPICIOUS_MOVE = YES;
				CLANG_WARN_UNREACHABLE_CODE = YES;
				CLANG_WARN__DUPLICATE_METHOD_MATCH = YES;
				"CODE_SIGN_IDENTITY[sdk=iphoneos*]" = "iPhone Developer";
				COPY_PHASE_STRIP = NO;
				DEBUG_INFORMATION_FORMAT = dwarf;
				ENABLE_STRICT_OBJC_MSGSEND = YES;
				ENABLE_TESTABILITY = YES;
				GCC_C_LANGUAGE_STANDARD = gnu99;
				GCC_DYNAMIC_NO_PIC = NO;
				GCC_NO_COMMON_BLOCKS = YES;
				GCC_OPTIMIZATION_LEVEL = 0;
				GCC_PREPROCESSOR_DEFINITIONS = (
					"DEBUG=1",
					"$(inherited)",
				);
				GCC_WARN_64_TO_32_BIT_CONVERSION = YES;
				GCC_WARN_ABOUT_RETURN_TYPE = YES_ERROR;
				GCC_WARN_UNDECLARED_SELECTOR = YES;
				GCC_WARN_UNINITIALIZED_AUTOS = YES_AGGRESSIVE;
				GCC_WARN_UNUSED_FUNCTION = YES;
				GCC_WARN_UNUSED_VARIABLE = YES;
				IPHONEOS_DEPLOYMENT_TARGET = 10.3;
				MTL_ENABLE_DEBUG_INFO = YES;
				ONLY_ACTIVE_ARCH = YES;
				SDKROOT = iphoneos;
				SWIFT_ACTIVE_COMPILATION_CONDITIONS = DEBUG;
				SWIFT_OPTIMIZATION_LEVEL = "-Onone";
			};
			name = Debug;
		};
		3404A3C21F5A03320093E019 /* Release */ = {
			isa = XCBuildConfiguration;
			buildSettings = {
				ALWAYS_SEARCH_USER_PATHS = NO;
				CLANG_ANALYZER_NONNULL = YES;
				CLANG_ANALYZER_NUMBER_OBJECT_CONVERSION = YES_AGGRESSIVE;
				CLANG_CXX_LANGUAGE_STANDARD = "gnu++0x";
				CLANG_CXX_LIBRARY = "libc++";
				CLANG_ENABLE_MODULES = YES;
				CLANG_ENABLE_OBJC_ARC = YES;
				CLANG_WARN_BOOL_CONVERSION = YES;
				CLANG_WARN_CONSTANT_CONVERSION = YES;
				CLANG_WARN_DIRECT_OBJC_ISA_USAGE = YES_ERROR;
				CLANG_WARN_DOCUMENTATION_COMMENTS = YES;
				CLANG_WARN_EMPTY_BODY = YES;
				CLANG_WARN_ENUM_CONVERSION = YES;
				CLANG_WARN_INFINITE_RECURSION = YES;
				CLANG_WARN_INT_CONVERSION = YES;
				CLANG_WARN_OBJC_ROOT_CLASS = YES_ERROR;
				CLANG_WARN_SUSPICIOUS_MOVE = YES;
				CLANG_WARN_UNREACHABLE_CODE = YES;
				CLANG_WARN__DUPLICATE_METHOD_MATCH = YES;
				"CODE_SIGN_IDENTITY[sdk=iphoneos*]" = "iPhone Developer";
				COPY_PHASE_STRIP = NO;
				DEBUG_INFORMATION_FORMAT = "dwarf-with-dsym";
				ENABLE_NS_ASSERTIONS = NO;
				ENABLE_STRICT_OBJC_MSGSEND = YES;
				GCC_C_LANGUAGE_STANDARD = gnu99;
				GCC_NO_COMMON_BLOCKS = YES;
				GCC_WARN_64_TO_32_BIT_CONVERSION = YES;
				GCC_WARN_ABOUT_RETURN_TYPE = YES_ERROR;
				GCC_WARN_UNDECLARED_SELECTOR = YES;
				GCC_WARN_UNINITIALIZED_AUTOS = YES_AGGRESSIVE;
				GCC_WARN_UNUSED_FUNCTION = YES;
				GCC_WARN_UNUSED_VARIABLE = YES;
				IPHONEOS_DEPLOYMENT_TARGET = 10.3;
				MTL_ENABLE_DEBUG_INFO = NO;
				SDKROOT = iphoneos;
				SWIFT_OPTIMIZATION_LEVEL = "-Owholemodule";
				VALIDATE_PRODUCT = YES;
			};
			name = Release;
		};
		3404A3C41F5A03320093E019 /* Debug */ = {
			isa = XCBuildConfiguration;
			buildSettings = {
				ASSETCATALOG_COMPILER_APPICON_NAME = AppIcon;
				INFOPLIST_FILE = ScrollerTest/Info.plist;
				IPHONEOS_DEPLOYMENT_TARGET = 10.3;
				LD_RUNPATH_SEARCH_PATHS = "$(inherited) @executable_path/Frameworks";
				PRODUCT_BUNDLE_IDENTIFIER = com.okAyStudios.ScrollerTest;
				PRODUCT_NAME = "$(TARGET_NAME)";
				SWIFT_VERSION = 3.0;
			};
			name = Debug;
		};
		3404A3C51F5A03320093E019 /* Release */ = {
			isa = XCBuildConfiguration;
			buildSettings = {
				ASSETCATALOG_COMPILER_APPICON_NAME = AppIcon;
				INFOPLIST_FILE = ScrollerTest/Info.plist;
				IPHONEOS_DEPLOYMENT_TARGET = 10.3;
				LD_RUNPATH_SEARCH_PATHS = "$(inherited) @executable_path/Frameworks";
				PRODUCT_BUNDLE_IDENTIFIER = com.okAyStudios.ScrollerTest;
				PRODUCT_NAME = "$(TARGET_NAME)";
				SWIFT_VERSION = 3.0;
			};
			name = Release;
		};
		3404A3C71F5A03320093E019 /* Debug */ = {
			isa = XCBuildConfiguration;
			buildSettings = {
				ALWAYS_EMBED_SWIFT_STANDARD_LIBRARIES = YES;
				BUNDLE_LOADER = "$(TEST_HOST)";
				INFOPLIST_FILE = ScrollerTestTests/Info.plist;
				LD_RUNPATH_SEARCH_PATHS = "$(inherited) @executable_path/Frameworks @loader_path/Frameworks";
				PRODUCT_BUNDLE_IDENTIFIER = com.okAyStudios.ScrollerTestTests;
				PRODUCT_NAME = "$(TARGET_NAME)";
				SWIFT_VERSION = 3.0;
				TEST_HOST = "$(BUILT_PRODUCTS_DIR)/ScrollerTest.app/ScrollerTest";
			};
			name = Debug;
		};
		3404A3C81F5A03320093E019 /* Release */ = {
			isa = XCBuildConfiguration;
			buildSettings = {
				ALWAYS_EMBED_SWIFT_STANDARD_LIBRARIES = YES;
				BUNDLE_LOADER = "$(TEST_HOST)";
				INFOPLIST_FILE = ScrollerTestTests/Info.plist;
				LD_RUNPATH_SEARCH_PATHS = "$(inherited) @executable_path/Frameworks @loader_path/Frameworks";
				PRODUCT_BUNDLE_IDENTIFIER = com.okAyStudios.ScrollerTestTests;
				PRODUCT_NAME = "$(TARGET_NAME)";
				SWIFT_VERSION = 3.0;
				TEST_HOST = "$(BUILT_PRODUCTS_DIR)/ScrollerTest.app/ScrollerTest";
			};
			name = Release;
		};
		3404A3CA1F5A03320093E019 /* Debug */ = {
			isa = XCBuildConfiguration;
			buildSettings = {
				ALWAYS_EMBED_SWIFT_STANDARD_LIBRARIES = YES;
				INFOPLIST_FILE = ScrollerTestUITests/Info.plist;
				LD_RUNPATH_SEARCH_PATHS = "$(inherited) @executable_path/Frameworks @loader_path/Frameworks";
				PRODUCT_BUNDLE_IDENTIFIER = com.okAyStudios.ScrollerTestUITests;
				PRODUCT_NAME = "$(TARGET_NAME)";
				SWIFT_VERSION = 3.0;
				TEST_TARGET_NAME = ScrollerTest;
			};
			name = Debug;
		};
		3404A3CB1F5A03320093E019 /* Release */ = {
			isa = XCBuildConfiguration;
			buildSettings = {
				ALWAYS_EMBED_SWIFT_STANDARD_LIBRARIES = YES;
				INFOPLIST_FILE = ScrollerTestUITests/Info.plist;
				LD_RUNPATH_SEARCH_PATHS = "$(inherited) @executable_path/Frameworks @loader_path/Frameworks";
				PRODUCT_BUNDLE_IDENTIFIER = com.okAyStudios.ScrollerTestUITests;
				PRODUCT_NAME = "$(TARGET_NAME)";
				SWIFT_VERSION = 3.0;
				TEST_TARGET_NAME = ScrollerTest;
			};
			name = Release;
		};
/* End XCBuildConfiguration section */

/* Begin XCConfigurationList section */
		3404A3901F5A03310093E019 /* Build configuration list for PBXProject "ScrollerTest" */ = {
			isa = XCConfigurationList;
			buildConfigurations = (
				3404A3C11F5A03320093E019 /* Debug */,
				3404A3C21F5A03320093E019 /* Release */,
			);
			defaultConfigurationIsVisible = 0;
			defaultConfigurationName = Release;
		};
		3404A3C31F5A03320093E019 /* Build configuration list for PBXNativeTarget "ScrollerTest" */ = {
			isa = XCConfigurationList;
			buildConfigurations = (
				3404A3C41F5A03320093E019 /* Debug */,
				3404A3C51F5A03320093E019 /* Release */,
			);
			defaultConfigurationIsVisible = 0;
		};
		3404A3C61F5A03320093E019 /* Build configuration list for PBXNativeTarget "ScrollerTestTests" */ = {
			isa = XCConfigurationList;
			buildConfigurations = (
				3404A3C71F5A03320093E019 /* Debug */,
				3404A3C81F5A03320093E019 /* Release */,
			);
			defaultConfigurationIsVisible = 0;
		};
		3404A3C91F5A03320093E019 /* Build configuration list for PBXNativeTarget "ScrollerTestUITests" */ = {
			isa = XCConfigurationList;
			buildConfigurations = (
				3404A3CA1F5A03320093E019 /* Debug */,
				3404A3CB1F5A03320093E019 /* Release */,
			);
			defaultConfigurationIsVisible = 0;
		};
/* End XCConfigurationList section */
	};
	rootObject = 3404A38D1F5A03310093E019 /* Project object */;
}
